Microsoft Visual Studio Solution File, Format Version 12.00
# Visual Studio Version 17
VisualStudioVersion = 17.9.34723.18
MinimumVisualStudioVersion = 10.0.40219.1
Project("{6EC3EE1D-3C4E-46DD-8F32-0CC8E7565705}") = "PRo3D.Stereo", "src\PRo3D.Stereo\PRo3D.Stereo.fsproj", "{5847CB1F-03E0-4654-8D5E-C55A3EB8C301}"
EndProject
Project("{2150E333-8FDC-42A3-9474-1A3956D46DE8}") = "Solution Items", "Solution Items", "{DC2013A6-8484-4452-BB7B-88A9BB53182F}"
	ProjectSection(SolutionItems) = preProject
		paket.dependencies = paket.dependencies
		README.md = README.md
	EndProjectSection
EndProject
Global
	GlobalSection(SolutionConfigurationPlatforms) = preSolution
		Debug|Any CPU = Debug|Any CPU
		Release|Any CPU = Release|Any CPU
	EndGlobalSection
	GlobalSection(ProjectConfigurationPlatforms) = postSolution
		{5847CB1F-03E0-4654-8D5E-C55A3EB8C301}.Debug|Any CPU.ActiveCfg = Debug|Any CPU
		{5847CB1F-03E0-4654-8D5E-C55A3EB8C301}.Debug|Any CPU.Build.0 = Debug|Any CPU
		{5847CB1F-03E0-4654-8D5E-C55A3EB8C301}.Release|Any CPU.ActiveCfg = Release|Any CPU
		{5847CB1F-03E0-4654-8D5E-C55A3EB8C301}.Release|Any CPU.Build.0 = Release|Any CPU
	EndGlobalSection
	GlobalSection(SolutionProperties) = preSolution
		HideSolutionNode = FALSE
	EndGlobalSection
	GlobalSection(ExtensibilityGlobals) = postSolution
		SolutionGuid = {0F232AD1-FEAC-47D7-B1BA-CE53B7B6DDE3}
	EndGlobalSection
EndGlobal
